["wasi-cli-0.2.0"]
sha256 = "13b041ec2314d48107929c335df3ca81b1bb0a35bfec38e206a59162a4c209cd"
sha512 = "725886b3244f4894a1121cd66e1bea0775964ca1b3811be3ae43a4c692cb7d5f27d851072637b8ec64bd5e71e85bb5e860f8331fe8f77353d9d7868ce1d72a8e"

["wasi-clocks-0.2.0"]
sha256 = "daf7133b4f60ba73185449327dd48d2b324799db858ab463bcd32d954a9ff394"
sha512 = "5992296c504aebfad359ab1676bba63b5d22e33112c240a437ee733433aa50552144242f8998180ff36f0da56e5f65691dbb1898331ce878bd9fa439b8909742"

["wasi-config-0.2.0-draft"]
sha256 = "5c6b4a10b21fbab2397d579c6f8bf8a484160dfdf20b6343080b0bad097849a3"
sha512 = "d3cf5fd1d12590aefd561330337870e2e468c84753c11e19bccd165c916a696722cc29af3572984e6256088b6e683763675d5b8cec3d195f9e2961fe405629b8"

["wasi-filesystem-0.2.0"]
sha256 = "739d4fc43cd51421382e5d1a0cf643a2985691d480ae75600cdcd382665b3e55"
sha512 = "67f61ef46833060cc4d7a258da7a82024830762c4ecfd522d32bdc5e6bf4df26043f9a8c13ea38b191df180176826aa7b163816618a939015efff5987557dc16"

["wasi-http-0.2.0"]
sha256 = "f22b6f3b3c12289e522041067b0a2db99a27c181e9ef3ed36930aa0286232d63"
sha512 = "f9b38ef4f58cb9e069b51ee45df52ce6ca9af0a9774c3d09dc99598f36afcd902557221be2f1a6bcccdecb880e4d7436b533e03f4b9250d5b0e1466afd3a62ce"

["wasi-io-0.2.0"]
sha256 = "0bc0cc0d474a5c4f3c2e2092664c4e235a0390e5d206d3bdc4007488d9d5e00f"
sha512 = "497f37742a94ca32eaa77dce5d9144682e743b30c2d702d37726d43735a25fa9d421afbf5945da158c0e46a0adf941f607b0e0f5d26494af52f021265f78329c"

["wasi-logging-0.1.0-draft"]
sha256 = "619c4d2336045bab9129e5af568decd5e963006291d496a23cddf796f3a61c2e"
sha512 = "c163aa6f4e566cb85d373f25e590e552fc2530fdf50946c38d305e9f2cd189d86ff8540d163e42acd2cebbe3cef98967cd1efb14ce196da132fcf6caf4f6155d"

["wasi-random-0.2.0"]
sha256 = "efcdf344435591830f5fbed67a2c215bba112893518a8ef4c7234a4796b8dbcd"
sha512 = "c78a10e9b6401116eac703430609a849854a27a4ff3bc7737d514536a9c16a2fc206a35f8f96b7c40f254d6a66e6873361970754fa69b856025886cd462a2832"

["wasi-sockets-0.2.0"]
sha256 = "aa3c13fee8c788c95de5a917a54d776d5adb2afd90a77224864941ce27c5d471"
sha512 = "4e3be65dd127ccd4bfa1af8f86fea556d6e22d25e4b637f9b9ebf66ae1f6331f904edff042adc9be16fec511e3295170e6c13516715d2cd3e5aaffbd96158fa9"

["wasmcloud-bus-1.0.0"]
sha256 = "f823b5c8293cb585092107120139c34c405f57362761a133d543f5d68c65d591"
sha512 = "12e6aa4eac6139b60ea72cc7b6ded6ac9b144b15557be9f2329b6e84b5a161d8f6344674afd0526a883cb61e34c06fee9dbadbaee1d783cd957bc43dab4bfc2d"

[wasmcloud-component-go]
path = "../../../wit"
sha256 = "995bd9ad8d0523f04480196b6746da80ddc5daf2e3be6b126c224d1fe9bda103"
sha512 = "e5af5fbb4242fc151d83ce86fa05d54274eb33a42b8856453659a1191d5142cd3792c914df8db330a9f692089974bbd1e6d3695142a8e5416d10b5b856839ce9"
deps = ["wasi-cli-0.2.0", "wasi-clocks-0.2.0", "wasi-config-0.2.0-draft", "wasi-filesystem-0.2.0", "wasi-http-0.2.0", "wasi-io-0.2.0", "wasi-logging-0.1.0-draft", "wasi-random-0.2.0", "wasi-sockets-0.2.0", "wasmcloud-bus-1.0.0", "wasmcloud-secrets-0.1.0-draft"]

["wasmcloud-secrets-0.1.0-draft"]
sha256 = "8e0ec182ea30a420744887cdb42660bf703194eaf8ecf2f0dc0efc4159247ea4"
sha512 = "f0037028e47d307b1551068fcdb9249a0a1cd3d7d1e8d99f33713ec1ee22bc5242fe63155a9f7aaa0492640df2c79ea40ed0839e2add222c069787b59c09f1b3"
